// !$*UTF8*$!
{
	archiveVersion = 1;
	classes = {
	};
	objectVersion = 50;
	objects = {

/* Begin PBXBuildFile section */
		08B67BB50D33A7EB5825D78B /* Pods_IDEAs.framework in Frameworks */ = {isa = PBXBuildFile; fileRef = A6AD77326068EFAC090E18E7 /* Pods_IDEAs.framework */; };
		EF059A0A20BC84D800C3C1F0 /* ApprovedTableViewController.swift in Sources */ = {isa = PBXBuildFile; fileRef = EF059A0920BC84D800C3C1F0 /* ApprovedTableViewController.swift */; };
		EF059A0C20BC84EA00C3C1F0 /* DeniedTableViewController.swift in Sources */ = {isa = PBXBuildFile; fileRef = EF059A0B20BC84EA00C3C1F0 /* DeniedTableViewController.swift */; };
		EF059A0E20BC880F00C3C1F0 /* VotingViewController.swift in Sources */ = {isa = PBXBuildFile; fileRef = EF059A0D20BC880F00C3C1F0 /* VotingViewController.swift */; };
		EF2BF69A20BF9B7C00AC0EF6 /* DashboardViewController.swift in Sources */ = {isa = PBXBuildFile; fileRef = EF2BF69920BF9B7C00AC0EF6 /* DashboardViewController.swift */; };
		EF42083D20C18D9D00FDD310 /* ApprovedResultsViewController.swift in Sources */ = {isa = PBXBuildFile; fileRef = EF42083C20C18D9D00FDD310 /* ApprovedResultsViewController.swift */; };
		EFB2665C20BB1C9700DBDE02 /* AppDelegate.swift in Sources */ = {isa = PBXBuildFile; fileRef = EFB2665B20BB1C9700DBDE02 /* AppDelegate.swift */; };
		EFB2665E20BB1C9700DBDE02 /* ActiveTableViewController.swift in Sources */ = {isa = PBXBuildFile; fileRef = EFB2665D20BB1C9700DBDE02 /* ActiveTableViewController.swift */; };
		EFB2666120BB1C9700DBDE02 /* Main.storyboard in Resources */ = {isa = PBXBuildFile; fileRef = EFB2665F20BB1C9700DBDE02 /* Main.storyboard */; };
		EFB2666320BB1C9B00DBDE02 /* Assets.xcassets in Resources */ = {isa = PBXBuildFile; fileRef = EFB2666220BB1C9B00DBDE02 /* Assets.xcassets */; };
		EFB2666620BB1C9B00DBDE02 /* LaunchScreen.storyboard in Resources */ = {isa = PBXBuildFile; fileRef = EFB2666420BB1C9B00DBDE02 /* LaunchScreen.storyboard */; };
		EFE3D97B20BBC35500D01422 /* Idea.swift in Sources */ = {isa = PBXBuildFile; fileRef = EFE3D97A20BBC35500D01422 /* Idea.swift */; };
		EFE3D97D20BBC63600D01422 /* ActiveTableViewCell.swift in Sources */ = {isa = PBXBuildFile; fileRef = EFE3D97C20BBC63600D01422 /* ActiveTableViewCell.swift */; };
		EFF00B5520BB1FC200E2DCD1 /* GoogleService-Info.plist in Resources */ = {isa = PBXBuildFile; fileRef = EFF00B5420BB1FC200E2DCD1 /* GoogleService-Info.plist */; };
		EFF00B5B20BB4B3800E2DCD1 /* AddIdeaViewController.swift in Sources */ = {isa = PBXBuildFile; fileRef = EFF00B5A20BB4B3700E2DCD1 /* AddIdeaViewController.swift */; };
		EFF1C29820BE567F00595D1C /* User.swift in Sources */ = {isa = PBXBuildFile; fileRef = EFF1C29720BE567F00595D1C /* User.swift */; };
		EFF1C29A20BE574B00595D1C /* LoginViewController.swift in Sources */ = {isa = PBXBuildFile; fileRef = EFF1C29920BE574B00595D1C /* LoginViewController.swift */; };
		EFF1C29C20BE577500595D1C /* RegisterViewController.swift in Sources */ = {isa = PBXBuildFile; fileRef = EFF1C29B20BE577500595D1C /* RegisterViewController.swift */; };
		EFF38AC420BCFE5B00A6D4D1 /* ApprovedTableViewCell.swift in Sources */ = {isa = PBXBuildFile; fileRef = EFF38AC320BCFE5B00A6D4D1 /* ApprovedTableViewCell.swift */; };
		EFF38AC620BCFE7300A6D4D1 /* DeniedTableViewCell.swift in Sources */ = {isa = PBXBuildFile; fileRef = EFF38AC520BCFE7300A6D4D1 /* DeniedTableViewCell.swift */; };
/* End PBXBuildFile section */

/* Begin PBXFileReference section */
		7F349BEE456BF00F0DD6A6A7 /* Pods-IDEAs.release.xcconfig */ = {isa = PBXFileReference; includeInIndex = 1; lastKnownFileType = text.xcconfig; name = "Pods-IDEAs.release.xcconfig"; path = "Pods/Target Support Files/Pods-IDEAs/Pods-IDEAs.release.xcconfig"; sourceTree = "<group>"; };
		A6AD77326068EFAC090E18E7 /* Pods_IDEAs.framework */ = {isa = PBXFileReference; explicitFileType = wrapper.framework; includeInIndex = 0; path = Pods_IDEAs.framework; sourceTree = BUILT_PRODUCTS_DIR; };
		E6762C8B7061164A9FC06E33 /* Pods-IDEAs.debug.xcconfig */ = {isa = PBXFileReference; includeInIndex = 1; lastKnownFileType = text.xcconfig; name = "Pods-IDEAs.debug.xcconfig"; path = "Pods/Target Support Files/Pods-IDEAs/Pods-IDEAs.debug.xcconfig"; sourceTree = "<group>"; };
		EF059A0920BC84D800C3C1F0 /* ApprovedTableViewController.swift */ = {isa = PBXFileReference; lastKnownFileType = sourcecode.swift; path = ApprovedTableViewController.swift; sourceTree = "<group>"; };
		EF059A0B20BC84EA00C3C1F0 /* DeniedTableViewController.swift */ = {isa = PBXFileReference; lastKnownFileType = sourcecode.swift; path = DeniedTableViewController.swift; sourceTree = "<group>"; };
		EF059A0D20BC880F00C3C1F0 /* VotingViewController.swift */ = {isa = PBXFileReference; lastKnownFileType = sourcecode.swift; path = VotingViewController.swift; sourceTree = "<group>"; };
		EF2BF69920BF9B7C00AC0EF6 /* DashboardViewController.swift */ = {isa = PBXFileReference; lastKnownFileType = sourcecode.swift; path = DashboardViewController.swift; sourceTree = "<group>"; };
		EF42083C20C18D9D00FDD310 /* ApprovedResultsViewController.swift */ = {isa = PBXFileReference; lastKnownFileType = sourcecode.swift; path = ApprovedResultsViewController.swift; sourceTree = "<group>"; };
		EFB2665820BB1C9700DBDE02 /* IDEAs.app */ = {isa = PBXFileReference; explicitFileType = wrapper.application; includeInIndex = 0; path = IDEAs.app; sourceTree = BUILT_PRODUCTS_DIR; };
		EFB2665B20BB1C9700DBDE02 /* AppDelegate.swift */ = {isa = PBXFileReference; lastKnownFileType = sourcecode.swift; path = AppDelegate.swift; sourceTree = "<group>"; };
		EFB2665D20BB1C9700DBDE02 /* ActiveTableViewController.swift */ = {isa = PBXFileReference; lastKnownFileType = sourcecode.swift; path = ActiveTableViewController.swift; sourceTree = "<group>"; };
		EFB2666020BB1C9700DBDE02 /* Base */ = {isa = PBXFileReference; lastKnownFileType = file.storyboard; name = Base; path = Base.lproj/Main.storyboard; sourceTree = "<group>"; };
		EFB2666220BB1C9B00DBDE02 /* Assets.xcassets */ = {isa = PBXFileReference; lastKnownFileType = folder.assetcatalog; path = Assets.xcassets; sourceTree = "<group>"; };
		EFB2666520BB1C9B00DBDE02 /* Base */ = {isa = PBXFileReference; lastKnownFileType = file.storyboard; name = Base; path = Base.lproj/LaunchScreen.storyboard; sourceTree = "<group>"; };
		EFB2666720BB1C9B00DBDE02 /* Info.plist */ = {isa = PBXFileReference; lastKnownFileType = text.plist.xml; path = Info.plist; sourceTree = "<group>"; };
		EFE3D97A20BBC35500D01422 /* Idea.swift */ = {isa = PBXFileReference; lastKnownFileType = sourcecode.swift; path = Idea.swift; sourceTree = "<group>"; };
		EFE3D97C20BBC63600D01422 /* ActiveTableViewCell.swift */ = {isa = PBXFileReference; lastKnownFileType = sourcecode.swift; path = ActiveTableViewCell.swift; sourceTree = "<group>"; };
		EFF00B5420BB1FC200E2DCD1 /* GoogleService-Info.plist */ = {isa = PBXFileReference; fileEncoding = 4; lastKnownFileType = text.plist.xml; path = "GoogleService-Info.plist"; sourceTree = "<group>"; };
		EFF00B5A20BB4B3700E2DCD1 /* AddIdeaViewController.swift */ = {isa = PBXFileReference; lastKnownFileType = sourcecode.swift; path = AddIdeaViewController.swift; sourceTree = "<group>"; };
		EFF1C29720BE567F00595D1C /* User.swift */ = {isa = PBXFileReference; lastKnownFileType = sourcecode.swift; path = User.swift; sourceTree = "<group>"; };
		EFF1C29920BE574B00595D1C /* LoginViewController.swift */ = {isa = PBXFileReference; lastKnownFileType = sourcecode.swift; path = LoginViewController.swift; sourceTree = "<group>"; };
		EFF1C29B20BE577500595D1C /* RegisterViewController.swift */ = {isa = PBXFileReference; lastKnownFileType = sourcecode.swift; path = RegisterViewController.swift; sourceTree = "<group>"; };
		EFF38AC320BCFE5B00A6D4D1 /* ApprovedTableViewCell.swift */ = {isa = PBXFileReference; lastKnownFileType = sourcecode.swift; path = ApprovedTableViewCell.swift; sourceTree = "<group>"; };
		EFF38AC520BCFE7300A6D4D1 /* DeniedTableViewCell.swift */ = {isa = PBXFileReference; lastKnownFileType = sourcecode.swift; path = DeniedTableViewCell.swift; sourceTree = "<group>"; };
/* End PBXFileReference section */

/* Begin PBXFrameworksBuildPhase section */
		EFB2665520BB1C9700DBDE02 /* Frameworks */ = {
			isa = PBXFrameworksBuildPhase;
			buildActionMask = 2147483647;
			files = (
				08B67BB50D33A7EB5825D78B /* Pods_IDEAs.framework in Frameworks */,
			);
			runOnlyForDeploymentPostprocessing = 0;
		};
/* End PBXFrameworksBuildPhase section */

/* Begin PBXGroup section */
		6B437F791AD470D2B681A45F /* Frameworks */ = {
			isa = PBXGroup;
			children = (
				A6AD77326068EFAC090E18E7 /* Pods_IDEAs.framework */,
			);
			name = Frameworks;
			sourceTree = "<group>";
		};
		6C3AF5308DE4A01576135ECA /* Pods */ = {
			isa = PBXGroup;
			children = (
				E6762C8B7061164A9FC06E33 /* Pods-IDEAs.debug.xcconfig */,
				7F349BEE456BF00F0DD6A6A7 /* Pods-IDEAs.release.xcconfig */,
			);
			name = Pods;
			sourceTree = "<group>";
		};
		EFB2664F20BB1C9700DBDE02 = {
			isa = PBXGroup;
			children = (
				EFB2665A20BB1C9700DBDE02 /* IDEAs */,
				EFB2665920BB1C9700DBDE02 /* Products */,
				6C3AF5308DE4A01576135ECA /* Pods */,
				6B437F791AD470D2B681A45F /* Frameworks */,
			);
			sourceTree = "<group>";
		};
		EFB2665920BB1C9700DBDE02 /* Products */ = {
			isa = PBXGroup;
			children = (
				EFB2665820BB1C9700DBDE02 /* IDEAs.app */,
			);
			name = Products;
			sourceTree = "<group>";
		};
		EFB2665A20BB1C9700DBDE02 /* IDEAs */ = {
			isa = PBXGroup;
			children = (
				EFB2666F20BB1CD100DBDE02 /* Controller */,
				EFB2666E20BB1CCC00DBDE02 /* View */,
				EFB2666D20BB1CC600DBDE02 /* Model */,
				EFB2666220BB1C9B00DBDE02 /* Assets.xcassets */,
				EFB2666420BB1C9B00DBDE02 /* LaunchScreen.storyboard */,
				EFB2666720BB1C9B00DBDE02 /* Info.plist */,
				EFF00B5420BB1FC200E2DCD1 /* GoogleService-Info.plist */,
			);
			path = IDEAs;
			sourceTree = "<group>";
		};
		EFB2666D20BB1CC600DBDE02 /* Model */ = {
			isa = PBXGroup;
			children = (
				EFE3D97A20BBC35500D01422 /* Idea.swift */,
				EFF1C29720BE567F00595D1C /* User.swift */,
			);
			path = Model;
			sourceTree = "<group>";
		};
		EFB2666E20BB1CCC00DBDE02 /* View */ = {
			isa = PBXGroup;
			children = (
				EFB2665B20BB1C9700DBDE02 /* AppDelegate.swift */,
				EFB2665F20BB1C9700DBDE02 /* Main.storyboard */,
				EFE3D97C20BBC63600D01422 /* ActiveTableViewCell.swift */,
				EFF38AC320BCFE5B00A6D4D1 /* ApprovedTableViewCell.swift */,
				EFF38AC520BCFE7300A6D4D1 /* DeniedTableViewCell.swift */,
			);
			path = View;
			sourceTree = "<group>";
		};
		EFB2666F20BB1CD100DBDE02 /* Controller */ = {
			isa = PBXGroup;
			children = (
				EFB2665D20BB1C9700DBDE02 /* ActiveTableViewController.swift */,
				EFF00B5A20BB4B3700E2DCD1 /* AddIdeaViewController.swift */,
				EF059A0920BC84D800C3C1F0 /* ApprovedTableViewController.swift */,
				EF059A0B20BC84EA00C3C1F0 /* DeniedTableViewController.swift */,
				EF059A0D20BC880F00C3C1F0 /* VotingViewController.swift */,
				EFF1C29920BE574B00595D1C /* LoginViewController.swift */,
				EF2BF69920BF9B7C00AC0EF6 /* DashboardViewController.swift */,
				EF42083C20C18D9D00FDD310 /* ApprovedResultsViewController.swift */,
				EFF1C29B20BE577500595D1C /* RegisterViewController.swift */,
			);
			path = Controller;
			sourceTree = "<group>";
		};
/* End PBXGroup section */

/* Begin PBXNativeTarget section */
		EFB2665720BB1C9700DBDE02 /* IDEAs */ = {
			isa = PBXNativeTarget;
			buildConfigurationList = EFB2666A20BB1C9B00DBDE02 /* Build configuration list for PBXNativeTarget "IDEAs" */;
			buildPhases = (
				452161B1FD685685E7848F0F /* [CP] Check Pods Manifest.lock */,
				EFB2665420BB1C9700DBDE02 /* Sources */,
				EFB2665520BB1C9700DBDE02 /* Frameworks */,
				EFB2665620BB1C9700DBDE02 /* Resources */,
				960FB0E19F1E338A2447EE9B /* [CP] Embed Pods Frameworks */,
			);
			buildRules = (
			);
			dependencies = (
			);
			name = IDEAs;
			productName = IDEAs;
			productReference = EFB2665820BB1C9700DBDE02 /* IDEAs.app */;
			productType = "com.apple.product-type.application";
		};
/* End PBXNativeTarget section */

/* Begin PBXProject section */
		EFB2665020BB1C9700DBDE02 /* Project object */ = {
			isa = PBXProject;
			attributes = {
				LastSwiftUpdateCheck = 0940;
				LastUpgradeCheck = 0940;
				ORGANIZATIONNAME = "Jared Boynton";
				TargetAttributes = {
					EFB2665720BB1C9700DBDE02 = {
						CreatedOnToolsVersion = 9.4;
						LastSwiftMigration = 1000;
					};
				};
			};
			buildConfigurationList = EFB2665320BB1C9700DBDE02 /* Build configuration list for PBXProject "IDEAs" */;
			compatibilityVersion = "Xcode 9.3";
			developmentRegion = en;
			hasScannedForEncodings = 0;
			knownRegions = (
				en,
				Base,
			);
			mainGroup = EFB2664F20BB1C9700DBDE02;
			productRefGroup = EFB2665920BB1C9700DBDE02 /* Products */;
			projectDirPath = "";
			projectRoot = "";
			targets = (
				EFB2665720BB1C9700DBDE02 /* IDEAs */,
			);
		};
/* End PBXProject section */

/* Begin PBXResourcesBuildPhase section */
		EFB2665620BB1C9700DBDE02 /* Resources */ = {
			isa = PBXResourcesBuildPhase;
			buildActionMask = 2147483647;
			files = (
				EFB2666620BB1C9B00DBDE02 /* LaunchScreen.storyboard in Resources */,
				EFF00B5520BB1FC200E2DCD1 /* GoogleService-Info.plist in Resources */,
				EFB2666320BB1C9B00DBDE02 /* Assets.xcassets in Resources */,
				EFB2666120BB1C9700DBDE02 /* Main.storyboard in Resources */,
			);
			runOnlyForDeploymentPostprocessing = 0;
		};
/* End PBXResourcesBuildPhase section */

/* Begin PBXShellScriptBuildPhase section */
		452161B1FD685685E7848F0F /* [CP] Check Pods Manifest.lock */ = {
			isa = PBXShellScriptBuildPhase;
			buildActionMask = 2147483647;
			files = (
			);
			inputPaths = (
				"${PODS_PODFILE_DIR_PATH}/Podfile.lock",
				"${PODS_ROOT}/Manifest.lock",
			);
			name = "[CP] Check Pods Manifest.lock";
			outputPaths = (
				"$(DERIVED_FILE_DIR)/Pods-IDEAs-checkManifestLockResult.txt",
			);
			runOnlyForDeploymentPostprocessing = 0;
			shellPath = /bin/sh;
			shellScript = "diff \"${PODS_PODFILE_DIR_PATH}/Podfile.lock\" \"${PODS_ROOT}/Manifest.lock\" > /dev/null\nif [ $? != 0 ] ; then\n    # print error to STDERR\n    echo \"error: The sandbox is not in sync with the Podfile.lock. Run 'pod install' or update your CocoaPods installation.\" >&2\n    exit 1\nfi\n# This output is used by Xcode 'outputs' to avoid re-running this script phase.\necho \"SUCCESS\" > \"${SCRIPT_OUTPUT_FILE_0}\"\n";
			showEnvVarsInLog = 0;
		};
		960FB0E19F1E338A2447EE9B /* [CP] Embed Pods Frameworks */ = {
			isa = PBXShellScriptBuildPhase;
			buildActionMask = 2147483647;
			files = (
			);
			inputPaths = (
				"${SRCROOT}/Pods/Target Support Files/Pods-IDEAs/Pods-IDEAs-frameworks.sh",
				"${BUILT_PRODUCTS_DIR}/AEAccordion/AEAccordion.framework",
				"${BUILT_PRODUCTS_DIR}/ChameleonFramework/ChameleonFramework.framework",
				"${BUILT_PRODUCTS_DIR}/Charts/Charts.framework",
				"${BUILT_PRODUCTS_DIR}/GTMSessionFetcher/GTMSessionFetcher.framework",
				"${BUILT_PRODUCTS_DIR}/GoogleToolboxForMac/GoogleToolboxForMac.framework",
				"${BUILT_PRODUCTS_DIR}/SVProgressHUD/SVProgressHUD.framework",
				"${BUILT_PRODUCTS_DIR}/Spring/Spring.framework",
				"${BUILT_PRODUCTS_DIR}/leveldb-library/leveldb.framework",
				"${BUILT_PRODUCTS_DIR}/nanopb/nanopb.framework",
			);
			name = "[CP] Embed Pods Frameworks";
			outputPaths = (
				"${TARGET_BUILD_DIR}/${FRAMEWORKS_FOLDER_PATH}/AEAccordion.framework",
				"${TARGET_BUILD_DIR}/${FRAMEWORKS_FOLDER_PATH}/ChameleonFramework.framework",
				"${TARGET_BUILD_DIR}/${FRAMEWORKS_FOLDER_PATH}/Charts.framework",
				"${TARGET_BUILD_DIR}/${FRAMEWORKS_FOLDER_PATH}/GTMSessionFetcher.framework",
				"${TARGET_BUILD_DIR}/${FRAMEWORKS_FOLDER_PATH}/GoogleToolboxForMac.framework",
				"${TARGET_BUILD_DIR}/${FRAMEWORKS_FOLDER_PATH}/SVProgressHUD.framework",
				"${TARGET_BUILD_DIR}/${FRAMEWORKS_FOLDER_PATH}/Spring.framework",
				"${TARGET_BUILD_DIR}/${FRAMEWORKS_FOLDER_PATH}/leveldb.framework",
				"${TARGET_BUILD_DIR}/${FRAMEWORKS_FOLDER_PATH}/nanopb.framework",
			);
			runOnlyForDeploymentPostprocessing = 0;
			shellPath = /bin/sh;
			shellScript = "\"${SRCROOT}/Pods/Target Support Files/Pods-IDEAs/Pods-IDEAs-frameworks.sh\"\n";
			showEnvVarsInLog = 0;
		};
/* End PBXShellScriptBuildPhase section */

/* Begin PBXSourcesBuildPhase section */
		EFB2665420BB1C9700DBDE02 /* Sources */ = {
			isa = PBXSourcesBuildPhase;
			buildActionMask = 2147483647;
			files = (
				EFF1C29A20BE574B00595D1C /* LoginViewController.swift in Sources */,
				EF2BF69A20BF9B7C00AC0EF6 /* DashboardViewController.swift in Sources */,
				EFF38AC420BCFE5B00A6D4D1 /* ApprovedTableViewCell.swift in Sources */,
				EF059A0A20BC84D800C3C1F0 /* ApprovedTableViewController.swift in Sources */,
				EFF38AC620BCFE7300A6D4D1 /* DeniedTableViewCell.swift in Sources */,
				EFE3D97D20BBC63600D01422 /* ActiveTableViewCell.swift in Sources */,
				EFE3D97B20BBC35500D01422 /* Idea.swift in Sources */,
				EF059A0E20BC880F00C3C1F0 /* VotingViewController.swift in Sources */,
				EF059A0C20BC84EA00C3C1F0 /* DeniedTableViewController.swift in Sources */,
				EFF00B5B20BB4B3800E2DCD1 /* AddIdeaViewController.swift in Sources */,
				EFB2665E20BB1C9700DBDE02 /* ActiveTableViewController.swift in Sources */,
				EFF1C29C20BE577500595D1C /* RegisterViewController.swift in Sources */,
				EFB2665C20BB1C9700DBDE02 /* AppDelegate.swift in Sources */,
				EF42083D20C18D9D00FDD310 /* ApprovedResultsViewController.swift in Sources */,
				EFF1C29820BE567F00595D1C /* User.swift in Sources */,
			);
			runOnlyForDeploymentPostprocessing = 0;
		};
/* End PBXSourcesBuildPhase section */

/* Begin PBXVariantGroup section */
		EFB2665F20BB1C9700DBDE02 /* Main.storyboard */ = {
			isa = PBXVariantGroup;
			children = (
				EFB2666020BB1C9700DBDE02 /* Base */,
			);
			name = Main.storyboard;
			sourceTree = "<group>";
		};
		EFB2666420BB1C9B00DBDE02 /* LaunchScreen.storyboard */ = {
			isa = PBXVariantGroup;
			children = (
				EFB2666520BB1C9B00DBDE02 /* Base */,
			);
			name = LaunchScreen.storyboard;
			sourceTree = "<group>";
		};
/* End PBXVariantGroup section */

/* Begin XCBuildConfiguration section */
		EFB2666820BB1C9B00DBDE02 /* Debug */ = {
			isa = XCBuildConfiguration;
			buildSettings = {
				ALWAYS_SEARCH_USER_PATHS = NO;
				CLANG_ANALYZER_NONNULL = YES;
				CLANG_ANALYZER_NUMBER_OBJECT_CONVERSION = YES_AGGRESSIVE;
				CLANG_CXX_LANGUAGE_STANDARD = "gnu++14";
				CLANG_CXX_LIBRARY = "libc++";
				CLANG_ENABLE_MODULES = YES;
				CLANG_ENABLE_OBJC_ARC = YES;
				CLANG_ENABLE_OBJC_WEAK = YES;
				CLANG_WARN_BLOCK_CAPTURE_AUTORELEASING = YES;
				CLANG_WARN_BOOL_CONVERSION = YES;
				CLANG_WARN_COMMA = YES;
				CLANG_WARN_CONSTANT_CONVERSION = YES;
				CLANG_WARN_DEPRECATED_OBJC_IMPLEMENTATIONS = YES;
				CLANG_WARN_DIRECT_OBJC_ISA_USAGE = YES_ERROR;
				CLANG_WARN_DOCUMENTATION_COMMENTS = YES;
				CLANG_WARN_EMPTY_BODY = YES;
				CLANG_WARN_ENUM_CONVERSION = YES;
				CLANG_WARN_INFINITE_RECURSION = YES;
				CLANG_WARN_INT_CONVERSION = YES;
				CLANG_WARN_NON_LITERAL_NULL_CONVERSION = YES;
				CLANG_WARN_OBJC_IMPLICIT_RETAIN_SELF = YES;
				CLANG_WARN_OBJC_LITERAL_CONVERSION = YES;
				CLANG_WARN_OBJC_ROOT_CLASS = YES_ERROR;
				CLANG_WARN_RANGE_LOOP_ANALYSIS = YES;
				CLANG_WARN_STRICT_PROTOTYPES = YES;
				CLANG_WARN_SUSPICIOUS_MOVE = YES;
				CLANG_WARN_UNGUARDED_AVAILABILITY = YES_AGGRESSIVE;
				CLANG_WARN_UNREACHABLE_CODE = YES;
				CLANG_WARN__DUPLICATE_METHOD_MATCH = YES;
				CODE_SIGN_IDENTITY = "iPhone Developer";
				COPY_PHASE_STRIP = NO;
				DEBUG_INFORMATION_FORMAT = dwarf;
				ENABLE_STRICT_OBJC_MSGSEND = YES;
				ENABLE_TESTABILITY = YES;
				GCC_C_LANGUAGE_STANDARD = gnu11;
				GCC_DYNAMIC_NO_PIC = NO;
				GCC_NO_COMMON_BLOCKS = YES;
				GCC_OPTIMIZATION_LEVEL = 0;
				GCC_PREPROCESSOR_DEFINITIONS = (
					"DEBUG=1",
					"$(inherited)",
				);
				GCC_WARN_64_TO_32_BIT_CONVERSION = YES;
				GCC_WARN_ABOUT_RETURN_TYPE = YES_ERROR;
				GCC_WARN_UNDECLARED_SELECTOR = YES;
				GCC_WARN_UNINITIALIZED_AUTOS = YES_AGGRESSIVE;
				GCC_WARN_UNUSED_FUNCTION = YES;
				GCC_WARN_UNUSED_VARIABLE = YES;
				IPHONEOS_DEPLOYMENT_TARGET = 11.4;
				MTL_ENABLE_DEBUG_INFO = YES;
				ONLY_ACTIVE_ARCH = YES;
				SDKROOT = iphoneos;
				SWIFT_ACTIVE_COMPILATION_CONDITIONS = DEBUG;
				SWIFT_OPTIMIZATION_LEVEL = "-Onone";
			};
			name = Debug;
		};
		EFB2666920BB1C9B00DBDE02 /* Release */ = {
			isa = XCBuildConfiguration;
			buildSettings = {
				ALWAYS_SEARCH_USER_PATHS = NO;
				CLANG_ANALYZER_NONNULL = YES;
				CLANG_ANALYZER_NUMBER_OBJECT_CONVERSION = YES_AGGRESSIVE;
				CLANG_CXX_LANGUAGE_STANDARD = "gnu++14";
				CLANG_CXX_LIBRARY = "libc++";
				CLANG_ENABLE_MODULES = YES;
				CLANG_ENABLE_OBJC_ARC = YES;
				CLANG_ENABLE_OBJC_WEAK = YES;
				CLANG_WARN_BLOCK_CAPTURE_AUTORELEASING = YES;
				CLANG_WARN_BOOL_CONVERSION = YES;
				CLANG_WARN_COMMA = YES;
				CLANG_WARN_CONSTANT_CONVERSION = YES;
				CLANG_WARN_DEPRECATED_OBJC_IMPLEMENTATIONS = YES;
				CLANG_WARN_DIRECT_OBJC_ISA_USAGE = YES_ERROR;
				CLANG_WARN_DOCUMENTATION_COMMENTS = YES;
				CLANG_WARN_EMPTY_BODY = YES;
				CLANG_WARN_ENUM_CONVERSION = YES;
				CLANG_WARN_INFINITE_RECURSION = YES;
				CLANG_WARN_INT_CONVERSION = YES;
				CLANG_WARN_NON_LITERAL_NULL_CONVERSION = YES;
				CLANG_WARN_OBJC_IMPLICIT_RETAIN_SELF = YES;
				CLANG_WARN_OBJC_LITERAL_CONVERSION = YES;
				CLANG_WARN_OBJC_ROOT_CLASS = YES_ERROR;
				CLANG_WARN_RANGE_LOOP_ANALYSIS = YES;
				CLANG_WARN_STRICT_PROTOTYPES = YES;
				CLANG_WARN_SUSPICIOUS_MOVE = YES;
				CLANG_WARN_UNGUARDED_AVAILABILITY = YES_AGGRESSIVE;
				CLANG_WARN_UNREACHABLE_CODE = YES;
				CLANG_WARN__DUPLICATE_METHOD_MATCH = YES;
				CODE_SIGN_IDENTITY = "iPhone Developer";
				COPY_PHASE_STRIP = NO;
				DEBUG_INFORMATION_FORMAT = "dwarf-with-dsym";
				ENABLE_NS_ASSERTIONS = NO;
				ENABLE_STRICT_OBJC_MSGSEND = YES;
				GCC_C_LANGUAGE_STANDARD = gnu11;
				GCC_NO_COMMON_BLOCKS = YES;
				GCC_WARN_64_TO_32_BIT_CONVERSION = YES;
				GCC_WARN_ABOUT_RETURN_TYPE = YES_ERROR;
				GCC_WARN_UNDECLARED_SELECTOR = YES;
				GCC_WARN_UNINITIALIZED_AUTOS = YES_AGGRESSIVE;
				GCC_WARN_UNUSED_FUNCTION = YES;
				GCC_WARN_UNUSED_VARIABLE = YES;
				IPHONEOS_DEPLOYMENT_TARGET = 11.4;
				MTL_ENABLE_DEBUG_INFO = NO;
				SDKROOT = iphoneos;
				SWIFT_COMPILATION_MODE = wholemodule;
				SWIFT_OPTIMIZATION_LEVEL = "-O";
				VALIDATE_PRODUCT = YES;
			};
			name = Release;
		};
		EFB2666B20BB1C9B00DBDE02 /* Debug */ = {
			isa = XCBuildConfiguration;
			baseConfigurationReference = E6762C8B7061164A9FC06E33 /* Pods-IDEAs.debug.xcconfig */;
			buildSettings = {
				ASSETCATALOG_COMPILER_APPICON_NAME = AppIcon;
				CODE_SIGN_STYLE = Automatic;
				DEVELOPMENT_TEAM = PDBCLG3A2H;
				INFOPLIST_FILE = IDEAs/Info.plist;
				LD_RUNPATH_SEARCH_PATHS = (
					"$(inherited)",
					"@executable_path/Frameworks",
				);
				PRODUCT_BUNDLE_IDENTIFIER = com.jaredboynton.IDEAs;
				PRODUCT_NAME = "$(TARGET_NAME)";
				SWIFT_VERSION = 4.2;
				TARGETED_DEVICE_FAMILY = "1,2";
			};
			name = Debug;
		};
		EFB2666C20BB1C9B00DBDE02 /* Release */ = {
			isa = XCBuildConfiguration;
			baseConfigurationReference = 7F349BEE456BF00F0DD6A6A7 /* Pods-IDEAs.release.xcconfig */;
			buildSettings = {
				ASSETCATALOG_COMPILER_APPICON_NAME = AppIcon;
				CODE_SIGN_STYLE = Automatic;
				DEVELOPMENT_TEAM = PDBCLG3A2H;
				INFOPLIST_FILE = IDEAs/Info.plist;
				LD_RUNPATH_SEARCH_PATHS = (
					"$(inherited)",
					"@executable_path/Frameworks",
				);
				PRODUCT_BUNDLE_IDENTIFIER = com.jaredboynton.IDEAs;
				PRODUCT_NAME = "$(TARGET_NAME)";
				SWIFT_VERSION = 4.2;
				TARGETED_DEVICE_FAMILY = "1,2";
			};
			name = Release;
		};
/* End XCBuildConfiguration section */

/* Begin XCConfigurationList section */
		EFB2665320BB1C9700DBDE02 /* Build configuration list for PBXProject "IDEAs" */ = {
			isa = XCConfigurationList;
			buildConfigurations = (
				EFB2666820BB1C9B00DBDE02 /* Debug */,
				EFB2666920BB1C9B00DBDE02 /* Release */,
			);
			defaultConfigurationIsVisible = 0;
			defaultConfigurationName = Release;
		};
		EFB2666A20BB1C9B00DBDE02 /* Build configuration list for PBXNativeTarget "IDEAs" */ = {
			isa = XCConfigurationList;
			buildConfigurations = (
				EFB2666B20BB1C9B00DBDE02 /* Debug */,
				EFB2666C20BB1C9B00DBDE02 /* Release */,
			);
			defaultConfigurationIsVisible = 0;
			defaultConfigurationName = Release;
		};
/* End XCConfigurationList section */
	};
	rootObject = EFB2665020BB1C9700DBDE02 /* Project object */;
}
